
Microsoft Visual Studio Solution File, Format Version 12.00
# Visual Studio Version 17
VisualStudioVersion = 17.11.35312.102
MinimumVisualStudioVersion = 10.0.40219.1
Project("{FAE04EC0-301F-11D3-BF4B-00C04F79EFBC}") = "CENZURAZO_CQW1QQ_MESTER", "CENZURAZO_CQW1QQ_MESTER\CENZURAZO_CQW1QQ_MESTER.csproj", "{1B653A93-DCB7-488D-B3D7-3ABB3420B335}"
EndProject
Global
	GlobalSection(SolutionConfigurationPlatforms) = preSolution
		Debug|Any CPU = Debug|Any CPU
		Release|Any CPU = Release|Any CPU
	EndGlobalSection
	GlobalSection(ProjectConfigurationPlatforms) = postSolution
		{1B653A93-DCB7-488D-B3D7-3ABB3420B335}.Debug|Any CPU.ActiveCfg = Debug|Any CPU
		{1B653A93-DCB7-488D-B3D7-3ABB3420B335}.Debug|Any CPU.Build.0 = Debug|Any CPU
		{1B653A93-DCB7-488D-B3D7-3ABB3420B335}.Release|Any CPU.ActiveCfg = Release|Any CPU
		{1B653A93-DCB7-488D-B3D7-3ABB3420B335}.Release|Any CPU.Build.0 = Release|Any CPU
	EndGlobalSection
	GlobalSection(SolutionProperties) = preSolution
		HideSolutionNode = FALSE
	EndGlobalSection
	GlobalSection(ExtensibilityGlobals) = postSolution
		SolutionGuid = {19367155-BACE-4420-9931-0F0FFC3B0FDF}
	EndGlobalSection
EndGlobal
